
Microsoft Visual Studio Solution File, Format Version 12.00
# Visual Studio Version 16
VisualStudioVersion = 16.0.31911.196
MinimumVisualStudioVersion = 10.0.40219.1
Project("{FAE04EC0-301F-11D3-BF4B-00C04F79EFBC}") = "ClassicSkill9", "ClassicSkill9\ClassicSkill9.csproj", "{1E829C6E-6ED8-4975-9154-0612DF1027FE}"
EndProject
Global
	GlobalSection(SolutionConfigurationPlatforms) = preSolution
		Debug|Any CPU = Debug|Any CPU
		Release|Any CPU = Release|Any CPU
	EndGlobalSection
	GlobalSection(ProjectConfigurationPlatforms) = postSolution
		{1E829C6E-6ED8-4975-9154-0612DF1027FE}.Debug|Any CPU.ActiveCfg = Debug|Any CPU
		{1E829C6E-6ED8-4975-9154-0612DF1027FE}.Debug|Any CPU.Build.0 = Debug|Any CPU
		{1E829C6E-6ED8-4975-9154-0612DF1027FE}.Release|Any CPU.ActiveCfg = Release|Any CPU
		{1E829C6E-6ED8-4975-9154-0612DF1027FE}.Release|Any CPU.Build.0 = Release|Any CPU
	EndGlobalSection
	GlobalSection(SolutionProperties) = preSolution
		HideSolutionNode = FALSE
	EndGlobalSection
	GlobalSection(ExtensibilityGlobals) = postSolution
		SolutionGuid = {F09B1984-73ED-473B-8B2C-D6C90DFCCFFE}
	EndGlobalSection
EndGlobal
